PODS:
  - Alamofire (4.3.0)
  - Inkwell (1.1.0):
    - Alamofire (~> 4.3.0)

DEPENDENCIES:
  - Inkwell (from `../`)

EXTERNAL SOURCES:
  Inkwell:
    :path: "../"

SPEC CHECKSUMS:
  Alamofire: 856a113053a7bc9cbe5d6367a555d773fc5cfef7
  Inkwell: e1bd0701d0d9ac66fa5ae2a3cb06cf6da72588c0

PODFILE CHECKSUM: f00b262621b0de7d20789563810efb8daa4aec2d

COCOAPODS: 1.2.0
